{
  "name": "track-ek",
  "version": "1.0.0",
  "lockfileVersion": 1,
  "requires": true,
  "dependencies": {
    "ek-track": {
      "version": "1.0.0",
      "resolved": "http://192.168.14.11:8888/ek-track/-/ek-track-1.0.0.tgz",
      "integrity": "sha512-gSS1C+Bjx6p9TYvSl/5HDyfeogO9SeEnvACFRMdyXqeVq9djn8kSl+wrqk/dVeXYsracFH8FWEt4agVgTsECZQ==",
      "dev": true
    }
  }
}
